
Microsoft Visual Studio Solution File, Format Version 12.00
# Visual Studio Version 17
VisualStudioVersion = 17.9.34723.18
MinimumVisualStudioVersion = 10.0.40219.1
Project("{FAE04EC0-301F-11D3-BF4B-00C04F79EFBC}") = "ChekData2", "ChekData2\ChekData2.csproj", "{504FF16F-1C95-4029-8E02-CD7824E525E7}"
EndProject
Global
	GlobalSection(SolutionConfigurationPlatforms) = preSolution
		Debug|Any CPU = Debug|Any CPU
		Release|Any CPU = Release|Any CPU
	EndGlobalSection
	GlobalSection(ProjectConfigurationPlatforms) = postSolution
		{504FF16F-1C95-4029-8E02-CD7824E525E7}.Debug|Any CPU.ActiveCfg = Debug|Any CPU
		{504FF16F-1C95-4029-8E02-CD7824E525E7}.Debug|Any CPU.Build.0 = Debug|Any CPU
		{504FF16F-1C95-4029-8E02-CD7824E525E7}.Release|Any CPU.ActiveCfg = Release|Any CPU
		{504FF16F-1C95-4029-8E02-CD7824E525E7}.Release|Any CPU.Build.0 = Release|Any CPU
	EndGlobalSection
	GlobalSection(SolutionProperties) = preSolution
		HideSolutionNode = FALSE
	EndGlobalSection
	GlobalSection(ExtensibilityGlobals) = postSolution
		SolutionGuid = {3E9AA0F3-DB52-493A-9A7B-93C388FD42ED}
	EndGlobalSection
EndGlobal
